<?xml version="1.0" encoding="utf-8"?>
<Project ToolsVersion="4.0" xmlns="http://schemas.microsoft.com/developer/msbuild/2003">
  <ItemGroup>
    <Filter Include="Quelldateien">
      <UniqueIdentifier>{4FC737F1-C7A5-4376-A066-2A32D752A2FF}</UniqueIdentifier>
      <Extensions>cpp;c;cc;cxx;def;odl;idl;hpj;bat;asm;asmx</Extensions>
    </Filter>
    <Filter Include="Headerdateien">
      <UniqueIdentifier>{93995380-89BD-4b04-88EB-625FBE52EBFB}</UniqueIdentifier>
      <Extensions>h;hh;hpp;hxx;hm;inl;inc;xsd</Extensions>
    </Filter>
    <Filter Include="Ressourcendateien">
      <UniqueIdentifier>{67DA6AB6-F800-4c08-8B7A-83BB121AAD01}</UniqueIdentifier>
      <Extensions>rc;ico;cur;bmp;dlg;rc2;rct;bin;rgs;gif;jpg;jpeg;jpe;resx;tiff;tif;png;wav;mfcribbon-ms</Extensions>
    </Filter>
    <Filter Include="Quelldateien\SceneGraph">
      <UniqueIdentifier>{147d949a-f4ae-4e7d-9c8c-dc751d15309e}</UniqueIdentifier>
    </Filter>
    <Filter Include="Headerdateien\SceneGraph">
      <UniqueIdentifier>{c78b48d3-0e02-4b8a-a649-8d2c0948e381}</UniqueIdentifier>
    </Filter>
    <Filter Include="Headerdateien\Interfaces">
      <UniqueIdentifier>{81453a40-f409-42eb-90fe-73dc08be5c80}</UniqueIdentifier>
    </Filter>
    <Filter Include="Headerdateien\Resource">
      <UniqueIdentifier>{81e073f8-db73-49c3-8829-d6bce12c2cce}</UniqueIdentifier>
    </Filter>
    <Filter Include="Quelldateien\Resource">
      <UniqueIdentifier>{0c498d91-880b-4ced-8222-8aae8c5cc32c}</UniqueIdentifier>
    </Filter>
    <Filter Include="Quelldateien\Resource\Shader">
      <UniqueIdentifier>{b368db4b-0642-403e-bf0b-8944fbb14177}</UniqueIdentifier>
    </Filter>
    <Filter Include="Headerdateien\Resource\Shader">
      <UniqueIdentifier>{daa5ea4a-08b9-45ea-9044-8c38442bbf9f}</UniqueIdentifier>
    </Filter>
    <Filter Include="Headerdateien\Utility">
      <UniqueIdentifier>{86308a5a-7329-4059-bcdd-bfe5ac469483}</UniqueIdentifier>
    </Filter>
    <Filter Include="Quelldateien\Utility">
      <UniqueIdentifier>{17803714-2e49-4b6e-ba6a-46356b9867ac}</UniqueIdentifier>
    </Filter>
    <Filter Include="Quelldateien\Utility\Shadow">
      <UniqueIdentifier>{67edb592-b931-4eb2-b4c3-98c8cc996c92}</UniqueIdentifier>
    </Filter>
    <Filter Include="Headerdateien\Utility\Shadow">
      <UniqueIdentifier>{91495ba7-1f32-4828-9090-8f3a407dfa8d}</UniqueIdentifier>
    </Filter>
    <Filter Include="Headerdateien\Effects">
      <UniqueIdentifier>{fb248593-e905-4daf-bbee-ac1975e938b5}</UniqueIdentifier>
    </Filter>
    <Filter Include="Quelldateien\Effects">
      <UniqueIdentifier>{c6994714-7eee-49f2-baff-7a2c76dd17e0}</UniqueIdentifier>
    </Filter>
    <Filter Include="ShaderPrograms">
      <UniqueIdentifier>{e75fc131-81b2-40d8-b34d-babe21b5507a}</UniqueIdentifier>
      <Extensions>vs;fs;gs</Extensions>
    </Filter>
    <Filter Include="Quelldateien\Controller">
      <UniqueIdentifier>{d609958a-6565-47ae-a53c-4d7219920ef2}</UniqueIdentifier>
    </Filter>
    <Filter Include="Headerdateien\Controller">
      <UniqueIdentifier>{4bb8ead4-bebd-45ed-9351-c0b726a913b1}</UniqueIdentifier>
    </Filter>
  </ItemGroup>
  <ItemGroup>
    <Text Include="ReadMe.txt" />
  </ItemGroup>
  <ItemGroup>
    <ClInclude Include="targetver.h">
      <Filter>Headerdateien</Filter>
    </ClInclude>
    <ClInclude Include="GroupNode.h">
      <Filter>Headerdateien\SceneGraph</Filter>
    </ClInclude>
    <ClInclude Include="Node.h">
      <Filter>Headerdateien\SceneGraph</Filter>
    </ClInclude>
    <ClInclude Include="RenderingEngine.h">
      <Filter>Headerdateien</Filter>
    </ClInclude>
    <ClInclude Include="GeometryNode.h">
      <Filter>Headerdateien\SceneGraph</Filter>
    </ClInclude>
    <ClInclude Include="RenderingNode.h">
      <Filter>Headerdateien\SceneGraph</Filter>
    </ClInclude>
    <ClInclude Include="IDrawable.h">
      <Filter>Headerdateien\Interfaces</Filter>
    </ClInclude>
    <ClInclude Include="CameraNode.h">
      <Filter>Headerdateien\SceneGraph</Filter>
    </ClInclude>
    <ClInclude Include="IResource.h">
      <Filter>Headerdateien\Interfaces</Filter>
    </ClInclude>
    <ClInclude Include="MeshResource.h">
      <Filter>Headerdateien\Resource</Filter>
    </ClInclude>
    <ClInclude Include="TextureResource.h">
      <Filter>Headerdateien\Resource</Filter>
    </ClInclude>
    <ClInclude Include="ShaderResource.h">
      <Filter>Headerdateien\Resource\Shader</Filter>
    </ClInclude>
    <ClInclude Include="MainShader.h">
      <Filter>Headerdateien\Resource\Shader</Filter>
    </ClInclude>
    <ClInclude Include="ILightShader.h">
      <Filter>Headerdateien\Interfaces</Filter>
    </ClInclude>
    <ClInclude Include="TransformationNode.h">
      <Filter>Headerdateien\SceneGraph</Filter>
    </ClInclude>
    <ClInclude Include="LightNode.h">
      <Filter>Headerdateien\SceneGraph</Filter>
    </ClInclude>
    <ClInclude Include="AnimatorNode.h">
      <Filter>Headerdateien\SceneGraph</Filter>
    </ClInclude>
    <ClInclude Include="GLDebugContext.h">
      <Filter>Headerdateien\Utility</Filter>
    </ClInclude>
    <ClInclude Include="ColladaImporter.h">
      <Filter>Headerdateien\Utility</Filter>
    </ClInclude>
    <ClInclude Include="glheaders.h">
      <Filter>Headerdateien\Utility</Filter>
    </ClInclude>
    <ClInclude Include="Material.h">
      <Filter>Headerdateien\Utility</Filter>
    </ClInclude>
    <ClInclude Include="Transformation.h">
      <Filter>Headerdateien\Utility</Filter>
    </ClInclude>
    <ClInclude Include="TextureRenderable.h">
      <Filter>Headerdateien\Utility</Filter>
    </ClInclude>
    <ClInclude Include="OmniDirectionalShadowStrategy.h">
      <Filter>Headerdateien\Utility\Shadow</Filter>
    </ClInclude>
    <ClInclude Include="DirectionalShadowStrategy.h">
      <Filter>Headerdateien\Utility</Filter>
    </ClInclude>
    <ClInclude Include="ParticleEmitterNode.h">
      <Filter>Headerdateien\SceneGraph</Filter>
    </ClInclude>
    <ClInclude Include="ComputeShader.h">
      <Filter>Headerdateien\Resource\Shader</Filter>
    </ClInclude>
    <ClInclude Include="OmniDirectionalShadowStrategy.h">
      <Filter>Headerdateien\Utility</Filter>
    </ClInclude>
    <ClInclude Include="BloomAddShader.h">
      <Filter>Headerdateien\Resource\Shader</Filter>
    </ClInclude>
    <ClInclude Include="BloomGaussShader.h">
      <Filter>Headerdateien\Resource\Shader</Filter>
    </ClInclude>
    <ClInclude Include="BloomEffect.h">
      <Filter>Headerdateien\Utility</Filter>
    </ClInclude>
    <ClInclude Include="DirectionalDepthShader.h">
      <Filter>Headerdateien\Resource\Shader</Filter>
    </ClInclude>
    <ClInclude Include="DummyEffect.h">
      <Filter>Headerdateien\Utility</Filter>
    </ClInclude>
    <ClInclude Include="DummyShader.h">
      <Filter>Headerdateien\Resource\Shader</Filter>
    </ClInclude>
    <ClInclude Include="OmniDirectionalDepthShader.h">
      <Filter>Headerdateien\Resource\Shader</Filter>
    </ClInclude>
    <ClInclude Include="PostProcessingEffect.h">
      <Filter>Headerdateien\Utility</Filter>
    </ClInclude>
    <ClInclude Include="TextureFBO.h">
      <Filter>Headerdateien\Utility</Filter>
    </ClInclude>
    <ClInclude Include="FootstepNode.h">
      <Filter>Headerdateien\SceneGraph</Filter>
    </ClInclude>
    <ClInclude Include="FootstepAnimator.h">
      <Filter>Headerdateien\SceneGraph</Filter>
    </ClInclude>
    <ClInclude Include="FootParticleShader.h">
      <Filter>Headerdateien\Resource\Shader</Filter>
    </ClInclude>
    <ClInclude Include="VolumetricLightingEffect.h">
      <Filter>Headerdateien\Effects</Filter>
    </ClInclude>
    <ClInclude Include="VolumetricLightingShader.h">
      <Filter>Headerdateien\Resource\Shader</Filter>
    </ClInclude>
    <ClInclude Include="VolumetricLightingBlurShader.h">
      <Filter>Headerdateien\Resource\Shader</Filter>
    </ClInclude>
    <ClInclude Include="VolumetricLightingUpSampleShader.h">
      <Filter>Headerdateien\Resource\Shader</Filter>
    </ClInclude>
    <ClInclude Include="VolumetricLightingDownSampleShader.h">
      <Filter>Headerdateien\Resource\Shader</Filter>
    </ClInclude>
    <ClInclude Include="CameraController.h">
      <Filter>Headerdateien\Controller</Filter>
    </ClInclude>
    <ClInclude Include="CarController.h">
      <Filter>Headerdateien\Controller</Filter>
    </ClInclude>
    <ClInclude Include="LookAtController.h">
      <Filter>Headerdateien\Controller</Filter>
    </ClInclude>
  </ItemGroup>
  <ItemGroup>
    <ClCompile Include="transition.cpp">
      <Filter>Quelldateien</Filter>
    </ClCompile>
    <ClCompile Include="GroupNode.cpp">
      <Filter>Quelldateien\SceneGraph</Filter>
    </ClCompile>
    <ClCompile Include="Node.cpp">
      <Filter>Quelldateien\SceneGraph</Filter>
    </ClCompile>
    <ClCompile Include="RenderingEngine.cpp">
      <Filter>Quelldateien</Filter>
    </ClCompile>
    <ClCompile Include="GeometryNode.cpp">
      <Filter>Quelldateien\SceneGraph</Filter>
    </ClCompile>
    <ClCompile Include="RenderingNode.cpp">
      <Filter>Quelldateien\SceneGraph</Filter>
    </ClCompile>
    <ClCompile Include="CameraNode.cpp">
      <Filter>Quelldateien\SceneGraph</Filter>
    </ClCompile>
    <ClCompile Include="MeshResource.cpp">
      <Filter>Quelldateien\Resource</Filter>
    </ClCompile>
    <ClCompile Include="TextureResource.cpp">
      <Filter>Quelldateien\Resource</Filter>
    </ClCompile>
    <ClCompile Include="ShaderResource.cpp">
      <Filter>Quelldateien\Resource\Shader</Filter>
    </ClCompile>
    <ClCompile Include="MainShader.cpp">
      <Filter>Quelldateien\Resource\Shader</Filter>
    </ClCompile>
    <ClCompile Include="LightNode.cpp">
      <Filter>Quelldateien\SceneGraph</Filter>
    </ClCompile>
    <ClCompile Include="ColladaImporter.cpp">
      <Filter>Quelldateien\Utility</Filter>
    </ClCompile>
    <ClCompile Include="glad.c">
      <Filter>Quelldateien\Utility</Filter>
    </ClCompile>
    <ClCompile Include="AnimatorNode.cpp">
      <Filter>Quelldateien\SceneGraph</Filter>
    </ClCompile>
    <ClCompile Include="TextureRenderable.cpp">
      <Filter>Quelldateien\Utility</Filter>
    </ClCompile>
    <ClCompile Include="Material.cpp">
      <Filter>Quelldateien\Utility</Filter>
    </ClCompile>
    <ClCompile Include="DirectionalShadowStrategy.cpp">
      <Filter>Quelldateien\Utility</Filter>
    </ClCompile>
    <ClCompile Include="ComputeShader.cpp">
      <Filter>Quelldateien\Resource\Shader</Filter>
    </ClCompile>
    <ClCompile Include="BloomAddShader.cpp">
      <Filter>Quelldateien\Resource\Shader</Filter>
    </ClCompile>
    <ClCompile Include="BloomEffect.cpp">
      <Filter>Quelldateien\Utility</Filter>
    </ClCompile>
    <ClCompile Include="BloomGaussShader.cpp">
      <Filter>Quelldateien\Resource\Shader</Filter>
    </ClCompile>
    <ClCompile Include="DirectionalDepthShader.cpp">
      <Filter>Quelldateien\Resource\Shader</Filter>
    </ClCompile>
    <ClCompile Include="DummyEffect.cpp">
      <Filter>Quelldateien\Utility</Filter>
    </ClCompile>
    <ClCompile Include="DummyShader.cpp">
      <Filter>Quelldateien\Resource\Shader</Filter>
    </ClCompile>
    <ClCompile Include="OmniDirectionalDepthShader.cpp">
      <Filter>Quelldateien\Resource\Shader</Filter>
    </ClCompile>
    <ClCompile Include="OmniDirectionalShadowStrategy.cpp">
      <Filter>Quelldateien\Utility</Filter>
    </ClCompile>
    <ClCompile Include="ParticleEmitterNode.cpp">
      <Filter>Quelldateien\SceneGraph</Filter>
    </ClCompile>
    <ClCompile Include="TextureFBO.cpp">
      <Filter>Quelldateien\Utility</Filter>
    </ClCompile>
    <ClCompile Include="FootstepNode.cpp">
      <Filter>Quelldateien\SceneGraph</Filter>
    </ClCompile>
    <ClCompile Include="FootstepAnimator.cpp">
      <Filter>Quelldateien\SceneGraph</Filter>
    </ClCompile>
    <ClCompile Include="FootParticleShader.cpp">
      <Filter>Quelldateien\Resource\Shader</Filter>
    </ClCompile>
    <ClCompile Include="VolumetricLightingEffect.cpp">
      <Filter>Quelldateien\Effects</Filter>
    </ClCompile>
    <ClCompile Include="VolumetricLightingShader.cpp">
      <Filter>Quelldateien\Resource\Shader</Filter>
    </ClCompile>
    <ClCompile Include="VolumetricLightingBlurShader.cpp">
      <Filter>Quelldateien\Resource\Shader</Filter>
    </ClCompile>
    <ClCompile Include="VolumetricLightingUpSampleShader.cpp">
      <Filter>Quelldateien\Resource\Shader</Filter>
    </ClCompile>
    <ClCompile Include="VolumetricLightingDownSampleShader.cpp">
      <Filter>Quelldateien\Resource\Shader</Filter>
    </ClCompile>
    <ClCompile Include="Transformation.cpp">
      <Filter>Quelldateien\Utility</Filter>
    </ClCompile>
    <ClCompile Include="CarController.cpp">
      <Filter>Quelldateien\Controller</Filter>
    </ClCompile>
    <ClCompile Include="CameraController.cpp">
      <Filter>Quelldateien\Controller</Filter>
    </ClCompile>
    <ClCompile Include="LookAtController.cpp">
      <Filter>Quelldateien\Controller</Filter>
    </ClCompile>
  </ItemGroup>
  <ItemGroup>
    <None Include="assets\shaders\bloom_add.fs">
      <Filter>ShaderPrograms</Filter>
    </None>
    <None Include="assets\shaders\bloom_gauss.fs">
      <Filter>ShaderPrograms</Filter>
    </None>
    <None Include="assets\shaders\dummy.fs">
      <Filter>ShaderPrograms</Filter>
    </None>
    <None Include="assets\shaders\postprocess.vs">
      <Filter>ShaderPrograms</Filter>
    </None>
    <None Include="assets\shaders\depth_shader_omni_directional.fs">
      <Filter>ShaderPrograms</Filter>
    </None>
    <None Include="assets\shaders\depth_shader_omni_directional.gs">
      <Filter>ShaderPrograms</Filter>
    </None>
    <None Include="assets\shaders\depth_shader_omni_directional.vs">
      <Filter>ShaderPrograms</Filter>
    </None>
    <None Include="assets\shaders\main_shader.fs">
      <Filter>ShaderPrograms</Filter>
    </None>
    <None Include="assets\shaders\main_shader.vs">
      <Filter>ShaderPrograms</Filter>
    </None>
    <None Include="assets\shaders\depth_shader_directional.fs">
      <Filter>ShaderPrograms</Filter>
    </None>
    <None Include="assets\shaders\depth_shader_directional.vs">
      <Filter>ShaderPrograms</Filter>
    </None>
    <None Include="assets\shaders\volumetric_lighting.fs">
      <Filter>ShaderPrograms</Filter>
    </None>
    <None Include="assets\shaders\volumetric_lighting.vs">
      <Filter>ShaderPrograms</Filter>
    </None>
    <None Include="assets\shaders\volumetric_lighting_blur.fs">
      <Filter>ShaderPrograms</Filter>
    </None>
    <None Include="assets\shaders\volumetric_lighting_downsample.fs">
      <Filter>ShaderPrograms</Filter>
    </None>
    <None Include="assets\shaders\volumetric_lighting_downsample.vs">
      <Filter>ShaderPrograms</Filter>
    </None>
    <None Include="assets\shaders\volumetric_lighting_upsample.fs">
      <Filter>ShaderPrograms</Filter>
    </None>
    <None Include="assets\shaders\volumetric_lighting_upsample.vs">
      <Filter>ShaderPrograms</Filter>
    </None>
    <None Include="assets\shaders\test_simple.fs" >
      <Filter>ShaderPrograms</Filter>
    </None>
    <None Include="assets\shaders\test_simple.vs" >
      <Filter>ShaderPrograms</Filter>
    </None>
    <None Include="assets\shaders\foot_part.fs" >
      <Filter>ShaderPrograms</Filter>
    </None>
    <None Include="assets\shaders\foot_part.gs" >
      <Filter>ShaderPrograms</Filter>
    </None>
    <None Include="assets\shaders\foot_part.vs" >
      <Filter>ShaderPrograms</Filter>
    </None>
    <None Include="assets\shaders\foot_part.comp" >
      <Filter>ShaderPrograms</Filter>
    </None>
  </ItemGroup>
</Project>