<?xml version="1.0" encoding="utf-8"?>
<Project ToolsVersion="4.0" xmlns="http://schemas.microsoft.com/developer/msbuild/2003">
  <ItemGroup>
    <Filter Include="Quelldateien">
      <UniqueIdentifier>{4FC737F1-C7A5-4376-A066-2A32D752A2FF}</UniqueIdentifier>
      <Extensions>cpp;c;cc;cxx;def;odl;idl;hpj;bat;asm;asmx</Extensions>
    </Filter>
    <Filter Include="Headerdateien">
      <UniqueIdentifier>{93995380-89BD-4b04-88EB-625FBE52EBFB}</UniqueIdentifier>
      <Extensions>h;hh;hpp;hxx;hm;inl;inc;xsd</Extensions>
    </Filter>
    <Filter Include="Ressourcendateien">
      <UniqueIdentifier>{67DA6AB6-F800-4c08-8B7A-83BB121AAD01}</UniqueIdentifier>
      <Extensions>rc;ico;cur;bmp;dlg;rc2;rct;bin;rgs;gif;jpg;jpeg;jpe;resx;tiff;tif;png;wav;mfcribbon-ms</Extensions>
    </Filter>
    <Filter Include="Quelldateien\SceneGraph">
      <UniqueIdentifier>{147d949a-f4ae-4e7d-9c8c-dc751d15309e}</UniqueIdentifier>
    </Filter>
    <Filter Include="Headerdateien\SceneGraph">
      <UniqueIdentifier>{c78b48d3-0e02-4b8a-a649-8d2c0948e381}</UniqueIdentifier>
    </Filter>
    <Filter Include="Headerdateien\Interfaces">
      <UniqueIdentifier>{81453a40-f409-42eb-90fe-73dc08be5c80}</UniqueIdentifier>
    </Filter>
    <Filter Include="Headerdateien\Resource">
      <UniqueIdentifier>{81e073f8-db73-49c3-8829-d6bce12c2cce}</UniqueIdentifier>
    </Filter>
    <Filter Include="Quelldateien\Resource">
      <UniqueIdentifier>{0c498d91-880b-4ced-8222-8aae8c5cc32c}</UniqueIdentifier>
    </Filter>
  </ItemGroup>
  <ItemGroup>
    <Text Include="ReadMe.txt" />
  </ItemGroup>
  <ItemGroup>
    <ClInclude Include="targetver.h">
      <Filter>Headerdateien</Filter>
    </ClInclude>
    <ClInclude Include="GroupNode.h">
      <Filter>Headerdateien\SceneGraph</Filter>
    </ClInclude>
    <ClInclude Include="Node.h">
      <Filter>Headerdateien\SceneGraph</Filter>
    </ClInclude>
    <ClInclude Include="RenderingEngine.h">
      <Filter>Headerdateien</Filter>
    </ClInclude>
    <ClInclude Include="GeometryNode.h">
      <Filter>Headerdateien\SceneGraph</Filter>
    </ClInclude>
    <ClInclude Include="RenderingNode.h">
      <Filter>Headerdateien\SceneGraph</Filter>
    </ClInclude>
    <ClInclude Include="IDrawable.h">
      <Filter>Headerdateien\Interfaces</Filter>
    </ClInclude>
    <ClInclude Include="CameraNode.h">
      <Filter>Headerdateien\SceneGraph</Filter>
    </ClInclude>
    <ClInclude Include="IResource.h">
      <Filter>Headerdateien\Interfaces</Filter>
    </ClInclude>
    <ClInclude Include="MeshResource.h">
      <Filter>Headerdateien\Resource</Filter>
    </ClInclude>
    <ClInclude Include="TextureResource.h">
      <Filter>Headerdateien\Resource</Filter>
    </ClInclude>
    <ClInclude Include="ITransformable.h">
      <Filter>Headerdateien\Interfaces</Filter>
    </ClInclude>
    <ClInclude Include="ColladaImporter.h">
      <Filter>Headerdateien</Filter>
    </ClInclude>
    <ClInclude Include="glheaders.h">
      <Filter>Headerdateien</Filter>
    </ClInclude>
    <ClInclude Include="ShaderResource.h">
      <Filter>Headerdateien\Resource</Filter>
    </ClInclude>
  </ItemGroup>
  <ItemGroup>
    <ClCompile Include="transition.cpp">
      <Filter>Quelldateien</Filter>
    </ClCompile>
    <ClCompile Include="GroupNode.cpp">
      <Filter>Quelldateien\SceneGraph</Filter>
    </ClCompile>
    <ClCompile Include="Node.cpp">
      <Filter>Quelldateien\SceneGraph</Filter>
    </ClCompile>
    <ClCompile Include="RenderingEngine.cpp">
      <Filter>Quelldateien</Filter>
    </ClCompile>
    <ClCompile Include="GeometryNode.cpp">
      <Filter>Quelldateien\SceneGraph</Filter>
    </ClCompile>
    <ClCompile Include="RenderingNode.cpp">
      <Filter>Quelldateien\SceneGraph</Filter>
    </ClCompile>
    <ClCompile Include="CameraNode.cpp">
      <Filter>Quelldateien\SceneGraph</Filter>
    </ClCompile>
    <ClCompile Include="MeshResource.cpp">
      <Filter>Quelldateien\Resource</Filter>
    </ClCompile>
    <ClCompile Include="TextureResource.cpp">
      <Filter>Quelldateien\Resource</Filter>
    </ClCompile>
    <ClCompile Include="glad.c">
      <Filter>Quelldateien</Filter>
    </ClCompile>
    <ClCompile Include="ColladaImporter.cpp">
      <Filter>Quelldateien</Filter>
    </ClCompile>
    <ClCompile Include="ShaderResource.cpp">
      <Filter>Quelldateien\Resource</Filter>
    </ClCompile>
  </ItemGroup>
</Project>